
Microsoft Visual Studio Solution File, Format Version 12.00
# Visual Studio 15
Project("{FAE04EC0-301F-11D3-BF4B-00C04F79EFBC}") = "Assembly-CSharp", "Assembly-CSharp.csproj", "{1C9007A4-F6A6-3231-414A-0E8AC86663DE}"
EndProject
Project("{FAE04EC0-301F-11D3-BF4B-00C04F79EFBC}") = "Assembly-CSharp-Editor", "Assembly-CSharp-Editor.csproj", "{75E3CF4C-A3FF-223B-68C1-906AE8E6DE88}"
EndProject
Global
	GlobalSection(SolutionConfigurationPlatforms) = preSolution
		Debug|Any CPU = Debug|Any CPU
		Release|Any CPU = Release|Any CPU
	EndGlobalSection
	GlobalSection(ProjectConfigurationPlatforms) = postSolution
		{1C9007A4-F6A6-3231-414A-0E8AC86663DE}.Debug|Any CPU.ActiveCfg = Debug|Any CPU
		{1C9007A4-F6A6-3231-414A-0E8AC86663DE}.Debug|Any CPU.Build.0 = Debug|Any CPU
		{1C9007A4-F6A6-3231-414A-0E8AC86663DE}.Release|Any CPU.ActiveCfg = Release|Any CPU
		{1C9007A4-F6A6-3231-414A-0E8AC86663DE}.Release|Any CPU.Build.0 = Release|Any CPU
		{75E3CF4C-A3FF-223B-68C1-906AE8E6DE88}.Debug|Any CPU.ActiveCfg = Debug|Any CPU
		{75E3CF4C-A3FF-223B-68C1-906AE8E6DE88}.Debug|Any CPU.Build.0 = Debug|Any CPU
		{75E3CF4C-A3FF-223B-68C1-906AE8E6DE88}.Release|Any CPU.ActiveCfg = Release|Any CPU
		{75E3CF4C-A3FF-223B-68C1-906AE8E6DE88}.Release|Any CPU.Build.0 = Release|Any CPU
	EndGlobalSection
	GlobalSection(SolutionProperties) = preSolution
		HideSolutionNode = FALSE
	EndGlobalSection
EndGlobal
